
Microsoft Visual Studio Solution File, Format Version 12.00
# Visual Studio Version 17
VisualStudioVersion = 17.5.33424.131
MinimumVisualStudioVersion = 10.0.40219.1
Project("{9A19103F-16F7-4668-BE54-9A1E7A4F7556}") = "ChainOfResponsibility", "ChainOfResponsibility\ChainOfResponsibility.csproj", "{C48F9EA7-876B-49C6-89BB-00561C011A11}"
EndProject
Project("{9A19103F-16F7-4668-BE54-9A1E7A4F7556}") = "ObserverPattern", "Observer\ObserverPattern.csproj", "{7675F62F-6C8B-4902-9631-0070CC1B4297}"
EndProject
Project("{FAE04EC0-301F-11D3-BF4B-00C04F79EFBC}") = "InventoryManagementClient", "InventoryManagementClient\InventoryManagementClient.csproj", "{B4A07F48-DC53-4066-9EC3-1119DA771A4E}"
EndProject
Project("{FAE04EC0-301F-11D3-BF4B-00C04F79EFBC}") = "InventoryManagement", "InventoryManagement\InventoryManagement.csproj", "{E372759C-F025-4A59-B3F8-B21C1FC77B31}"
EndProject
Project("{FAE04EC0-301F-11D3-BF4B-00C04F79EFBC}") = "InventoryManagementTest", "InventoryManagementTest\InventoryManagementTest.csproj", "{A3AD36B0-B23E-4582-AB35-BAAAA8614BCB}"
EndProject
Global
	GlobalSection(SolutionConfigurationPlatforms) = preSolution
		Debug|Any CPU = Debug|Any CPU
		Release|Any CPU = Release|Any CPU
	EndGlobalSection
	GlobalSection(ProjectConfigurationPlatforms) = postSolution
		{C48F9EA7-876B-49C6-89BB-00561C011A11}.Debug|Any CPU.ActiveCfg = Debug|Any CPU
		{C48F9EA7-876B-49C6-89BB-00561C011A11}.Debug|Any CPU.Build.0 = Debug|Any CPU
		{C48F9EA7-876B-49C6-89BB-00561C011A11}.Release|Any CPU.ActiveCfg = Release|Any CPU
		{C48F9EA7-876B-49C6-89BB-00561C011A11}.Release|Any CPU.Build.0 = Release|Any CPU
		{7675F62F-6C8B-4902-9631-0070CC1B4297}.Debug|Any CPU.ActiveCfg = Debug|Any CPU
		{7675F62F-6C8B-4902-9631-0070CC1B4297}.Debug|Any CPU.Build.0 = Debug|Any CPU
		{7675F62F-6C8B-4902-9631-0070CC1B4297}.Release|Any CPU.ActiveCfg = Release|Any CPU
		{7675F62F-6C8B-4902-9631-0070CC1B4297}.Release|Any CPU.Build.0 = Release|Any CPU
		{B4A07F48-DC53-4066-9EC3-1119DA771A4E}.Debug|Any CPU.ActiveCfg = Debug|Any CPU
		{B4A07F48-DC53-4066-9EC3-1119DA771A4E}.Debug|Any CPU.Build.0 = Debug|Any CPU
		{B4A07F48-DC53-4066-9EC3-1119DA771A4E}.Release|Any CPU.ActiveCfg = Release|Any CPU
		{B4A07F48-DC53-4066-9EC3-1119DA771A4E}.Release|Any CPU.Build.0 = Release|Any CPU
		{E372759C-F025-4A59-B3F8-B21C1FC77B31}.Debug|Any CPU.ActiveCfg = Debug|Any CPU
		{E372759C-F025-4A59-B3F8-B21C1FC77B31}.Debug|Any CPU.Build.0 = Debug|Any CPU
		{E372759C-F025-4A59-B3F8-B21C1FC77B31}.Release|Any CPU.ActiveCfg = Release|Any CPU
		{E372759C-F025-4A59-B3F8-B21C1FC77B31}.Release|Any CPU.Build.0 = Release|Any CPU
		{A3AD36B0-B23E-4582-AB35-BAAAA8614BCB}.Debug|Any CPU.ActiveCfg = Debug|Any CPU
		{A3AD36B0-B23E-4582-AB35-BAAAA8614BCB}.Debug|Any CPU.Build.0 = Debug|Any CPU
		{A3AD36B0-B23E-4582-AB35-BAAAA8614BCB}.Release|Any CPU.ActiveCfg = Release|Any CPU
		{A3AD36B0-B23E-4582-AB35-BAAAA8614BCB}.Release|Any CPU.Build.0 = Release|Any CPU
	EndGlobalSection
	GlobalSection(SolutionProperties) = preSolution
		HideSolutionNode = FALSE
	EndGlobalSection
	GlobalSection(ExtensibilityGlobals) = postSolution
		SolutionGuid = {EDEA768A-ABF9-4CCB-B6E4-097788B6C08C}
	EndGlobalSection
EndGlobal
